
Microsoft Visual Studio Solution File, Format Version 12.00
# Visual Studio Version 17
VisualStudioVersion = 17.5.002.0
MinimumVisualStudioVersion = 10.0.40219.1
Project("{2150E333-8FDC-42A3-9474-1A3956D46DE8}") = "csharp", "csharp", "{072AB48F-6A60-41BB-AB50-BBF7F02CD3EA}"
EndProject
Project("{9A19103F-16F7-4668-BE54-9A1E7A4F7556}") = "HelloWorld", "csharp\hello-world\HelloWorld.csproj", "{038EF852-5EF3-4485-B986-55D7EE99064B}"
EndProject
Global
	GlobalSection(SolutionConfigurationPlatforms) = preSolution
		Debug|Any CPU = Debug|Any CPU
		Release|Any CPU = Release|Any CPU
	EndGlobalSection
	GlobalSection(ProjectConfigurationPlatforms) = postSolution
		{038EF852-5EF3-4485-B986-55D7EE99064B}.Debug|Any CPU.ActiveCfg = Debug|Any CPU
		{038EF852-5EF3-4485-B986-55D7EE99064B}.Debug|Any CPU.Build.0 = Debug|Any CPU
		{038EF852-5EF3-4485-B986-55D7EE99064B}.Release|Any CPU.ActiveCfg = Release|Any CPU
		{038EF852-5EF3-4485-B986-55D7EE99064B}.Release|Any CPU.Build.0 = Release|Any CPU
	EndGlobalSection
	GlobalSection(SolutionProperties) = preSolution
		HideSolutionNode = FALSE
	EndGlobalSection
	GlobalSection(NestedProjects) = preSolution
		{038EF852-5EF3-4485-B986-55D7EE99064B} = {072AB48F-6A60-41BB-AB50-BBF7F02CD3EA}
	EndGlobalSection
	GlobalSection(ExtensibilityGlobals) = postSolution
		SolutionGuid = {0684A039-39D6-4A22-AAA4-54C23D360E8F}
	EndGlobalSection
EndGlobal
